// !$*UTF8*$!
{
	archiveVersion = 1;
	classes = {
	};
	objectVersion = 55;
	objects = {

/* Begin PBXBuildFile section */
		4BCA65B8BA25B9F5B62C96FA /* Pods_NoteyPad.framework in Frameworks */ = {isa = PBXBuildFile; fileRef = E053749640EEAA1C7AFDE517 /* Pods_NoteyPad.framework */; };
		C4077B9C279B095D0083DFCA /* CreateNoteView.swift in Sources */ = {isa = PBXBuildFile; fileRef = C4077B9B279B095D0083DFCA /* CreateNoteView.swift */; };
		C4077B9E279B09720083DFCA /* CreateNoteView.xib in Resources */ = {isa = PBXBuildFile; fileRef = C4077B9D279B09720083DFCA /* CreateNoteView.xib */; };
		C41B5FE92791DD3A00AD1A19 /* AppDelegate.swift in Sources */ = {isa = PBXBuildFile; fileRef = C41B5FE82791DD3A00AD1A19 /* AppDelegate.swift */; };
		C41B5FEB2791DD3A00AD1A19 /* SceneDelegate.swift in Sources */ = {isa = PBXBuildFile; fileRef = C41B5FEA2791DD3A00AD1A19 /* SceneDelegate.swift */; };
		C41B5FED2791DD3A00AD1A19 /* NotePadListViewController.swift in Sources */ = {isa = PBXBuildFile; fileRef = C41B5FEC2791DD3A00AD1A19 /* NotePadListViewController.swift */; };
		C41B5FF02791DD3A00AD1A19 /* Main.storyboard in Resources */ = {isa = PBXBuildFile; fileRef = C41B5FEE2791DD3A00AD1A19 /* Main.storyboard */; };
		C41B5FF52791DD3B00AD1A19 /* Assets.xcassets in Resources */ = {isa = PBXBuildFile; fileRef = C41B5FF42791DD3B00AD1A19 /* Assets.xcassets */; };
		C41B5FF82791DD3B00AD1A19 /* LaunchScreen.storyboard in Resources */ = {isa = PBXBuildFile; fileRef = C41B5FF62791DD3B00AD1A19 /* LaunchScreen.storyboard */; };
		C4AA61B527AD974F008DACF2 /* Note.swift in Sources */ = {isa = PBXBuildFile; fileRef = C4AA61B427AD974F008DACF2 /* Note.swift */; };
		C4AA61B727AD976C008DACF2 /* Category.swift in Sources */ = {isa = PBXBuildFile; fileRef = C4AA61B627AD976C008DACF2 /* Category.swift */; };
		C4C65A0027A070F6007CFAD6 /* CategoryViewController.swift in Sources */ = {isa = PBXBuildFile; fileRef = C4C659FF27A070F6007CFAD6 /* CategoryViewController.swift */; };
/* End PBXBuildFile section */

/* Begin PBXFileReference section */
		03AE174C382664BEB07DFD88 /* Pods-NoteyPad.release.xcconfig */ = {isa = PBXFileReference; includeInIndex = 1; lastKnownFileType = text.xcconfig; name = "Pods-NoteyPad.release.xcconfig"; path = "Target Support Files/Pods-NoteyPad/Pods-NoteyPad.release.xcconfig"; sourceTree = "<group>"; };
		704B3DF279E2568D18441CEE /* Pods-NoteyPad.debug.xcconfig */ = {isa = PBXFileReference; includeInIndex = 1; lastKnownFileType = text.xcconfig; name = "Pods-NoteyPad.debug.xcconfig"; path = "Target Support Files/Pods-NoteyPad/Pods-NoteyPad.debug.xcconfig"; sourceTree = "<group>"; };
		C4077B9B279B095D0083DFCA /* CreateNoteView.swift */ = {isa = PBXFileReference; lastKnownFileType = sourcecode.swift; path = CreateNoteView.swift; sourceTree = "<group>"; };
		C4077B9D279B09720083DFCA /* CreateNoteView.xib */ = {isa = PBXFileReference; lastKnownFileType = file.xib; path = CreateNoteView.xib; sourceTree = "<group>"; };
		C41B5FE52791DD3A00AD1A19 /* NoteyPad.app */ = {isa = PBXFileReference; explicitFileType = wrapper.application; includeInIndex = 0; path = NoteyPad.app; sourceTree = BUILT_PRODUCTS_DIR; };
		C41B5FE82791DD3A00AD1A19 /* AppDelegate.swift */ = {isa = PBXFileReference; lastKnownFileType = sourcecode.swift; path = AppDelegate.swift; sourceTree = "<group>"; };
		C41B5FEA2791DD3A00AD1A19 /* SceneDelegate.swift */ = {isa = PBXFileReference; lastKnownFileType = sourcecode.swift; path = SceneDelegate.swift; sourceTree = "<group>"; };
		C41B5FEC2791DD3A00AD1A19 /* NotePadListViewController.swift */ = {isa = PBXFileReference; lastKnownFileType = sourcecode.swift; path = NotePadListViewController.swift; sourceTree = "<group>"; };
		C41B5FEF2791DD3A00AD1A19 /* Base */ = {isa = PBXFileReference; lastKnownFileType = file.storyboard; name = Base; path = Base.lproj/Main.storyboard; sourceTree = "<group>"; };
		C41B5FF42791DD3B00AD1A19 /* Assets.xcassets */ = {isa = PBXFileReference; lastKnownFileType = folder.assetcatalog; path = Assets.xcassets; sourceTree = "<group>"; };
		C41B5FF72791DD3B00AD1A19 /* Base */ = {isa = PBXFileReference; lastKnownFileType = file.storyboard; name = Base; path = Base.lproj/LaunchScreen.storyboard; sourceTree = "<group>"; };
		C41B5FF92791DD3B00AD1A19 /* Info.plist */ = {isa = PBXFileReference; lastKnownFileType = text.plist.xml; path = Info.plist; sourceTree = "<group>"; };
		C4AA61B427AD974F008DACF2 /* Note.swift */ = {isa = PBXFileReference; lastKnownFileType = sourcecode.swift; path = Note.swift; sourceTree = "<group>"; };
		C4AA61B627AD976C008DACF2 /* Category.swift */ = {isa = PBXFileReference; lastKnownFileType = sourcecode.swift; path = Category.swift; sourceTree = "<group>"; };
		C4C659FF27A070F6007CFAD6 /* CategoryViewController.swift */ = {isa = PBXFileReference; lastKnownFileType = sourcecode.swift; path = CategoryViewController.swift; sourceTree = "<group>"; };
		E053749640EEAA1C7AFDE517 /* Pods_NoteyPad.framework */ = {isa = PBXFileReference; explicitFileType = wrapper.framework; includeInIndex = 0; path = Pods_NoteyPad.framework; sourceTree = BUILT_PRODUCTS_DIR; };
/* End PBXFileReference section */

/* Begin PBXFrameworksBuildPhase section */
		C41B5FE22791DD3A00AD1A19 /* Frameworks */ = {
			isa = PBXFrameworksBuildPhase;
			buildActionMask = 2147483647;
			files = (
				4BCA65B8BA25B9F5B62C96FA /* Pods_NoteyPad.framework in Frameworks */,
			);
			runOnlyForDeploymentPostprocessing = 0;
		};
/* End PBXFrameworksBuildPhase section */

/* Begin PBXGroup section */
		126DFD40B56176A684F4C088 /* Frameworks */ = {
			isa = PBXGroup;
			children = (
				E053749640EEAA1C7AFDE517 /* Pods_NoteyPad.framework */,
			);
			name = Frameworks;
			sourceTree = "<group>";
		};
		5E509E262AFC49E477A854FE /* Pods */ = {
			isa = PBXGroup;
			children = (
				704B3DF279E2568D18441CEE /* Pods-NoteyPad.debug.xcconfig */,
				03AE174C382664BEB07DFD88 /* Pods-NoteyPad.release.xcconfig */,
			);
			path = Pods;
			sourceTree = "<group>";
		};
		C41B5FDC2791DD3A00AD1A19 = {
			isa = PBXGroup;
			children = (
				C41B5FE72791DD3A00AD1A19 /* NoteyPad */,
				C41B5FE62791DD3A00AD1A19 /* Products */,
				5E509E262AFC49E477A854FE /* Pods */,
				126DFD40B56176A684F4C088 /* Frameworks */,
			);
			sourceTree = "<group>";
		};
		C41B5FE62791DD3A00AD1A19 /* Products */ = {
			isa = PBXGroup;
			children = (
				C41B5FE52791DD3A00AD1A19 /* NoteyPad.app */,
			);
			name = Products;
			sourceTree = "<group>";
		};
		C41B5FE72791DD3A00AD1A19 /* NoteyPad */ = {
			isa = PBXGroup;
			children = (
				C4C659FF27A070F6007CFAD6 /* CategoryViewController.swift */,
				C41B5FEC2791DD3A00AD1A19 /* NotePadListViewController.swift */,
				C4077B9B279B095D0083DFCA /* CreateNoteView.swift */,
				C41B5FEE2791DD3A00AD1A19 /* Main.storyboard */,
				C4077B9D279B09720083DFCA /* CreateNoteView.xib */,
				C41B5FF62791DD3B00AD1A19 /* LaunchScreen.storyboard */,
				C41B5FF92791DD3B00AD1A19 /* Info.plist */,
				C41B5FE82791DD3A00AD1A19 /* AppDelegate.swift */,
				C41B5FEA2791DD3A00AD1A19 /* SceneDelegate.swift */,
				C41B5FF42791DD3B00AD1A19 /* Assets.xcassets */,
				C4AA61B427AD974F008DACF2 /* Note.swift */,
				C4AA61B627AD976C008DACF2 /* Category.swift */,
			);
			path = NoteyPad;
			sourceTree = "<group>";
		};
/* End PBXGroup section */

/* Begin PBXNativeTarget section */
		C41B5FE42791DD3A00AD1A19 /* NoteyPad */ = {
			isa = PBXNativeTarget;
			buildConfigurationList = C41B5FFC2791DD3B00AD1A19 /* Build configuration list for PBXNativeTarget "NoteyPad" */;
			buildPhases = (
				55FB2FA4C1692576D1E6877B /* [CP] Check Pods Manifest.lock */,
				C41B5FE12791DD3A00AD1A19 /* Sources */,
				C41B5FE22791DD3A00AD1A19 /* Frameworks */,
				C41B5FE32791DD3A00AD1A19 /* Resources */,
				111F674A8A5840BF80A83CAC /* [CP] Embed Pods Frameworks */,
			);
			buildRules = (
			);
			dependencies = (
			);
			name = NoteyPad;
			productName = NoteyPad;
			productReference = C41B5FE52791DD3A00AD1A19 /* NoteyPad.app */;
			productType = "com.apple.product-type.application";
		};
/* End PBXNativeTarget section */

/* Begin PBXProject section */
		C41B5FDD2791DD3A00AD1A19 /* Project object */ = {
			isa = PBXProject;
			attributes = {
				BuildIndependentTargetsInParallel = 1;
				LastSwiftUpdateCheck = 1320;
				LastUpgradeCheck = 1320;
				TargetAttributes = {
					C41B5FE42791DD3A00AD1A19 = {
						CreatedOnToolsVersion = 13.2.1;
					};
				};
			};
			buildConfigurationList = C41B5FE02791DD3A00AD1A19 /* Build configuration list for PBXProject "NoteyPad" */;
			compatibilityVersion = "Xcode 13.0";
			developmentRegion = en;
			hasScannedForEncodings = 0;
			knownRegions = (
				en,
				Base,
			);
			mainGroup = C41B5FDC2791DD3A00AD1A19;
			productRefGroup = C41B5FE62791DD3A00AD1A19 /* Products */;
			projectDirPath = "";
			projectRoot = "";
			targets = (
				C41B5FE42791DD3A00AD1A19 /* NoteyPad */,
			);
		};
/* End PBXProject section */

/* Begin PBXResourcesBuildPhase section */
		C41B5FE32791DD3A00AD1A19 /* Resources */ = {
			isa = PBXResourcesBuildPhase;
			buildActionMask = 2147483647;
			files = (
				C4077B9E279B09720083DFCA /* CreateNoteView.xib in Resources */,
				C41B5FF82791DD3B00AD1A19 /* LaunchScreen.storyboard in Resources */,
				C41B5FF52791DD3B00AD1A19 /* Assets.xcassets in Resources */,
				C41B5FF02791DD3A00AD1A19 /* Main.storyboard in Resources */,
			);
			runOnlyForDeploymentPostprocessing = 0;
		};
/* End PBXResourcesBuildPhase section */

/* Begin PBXShellScriptBuildPhase section */
		111F674A8A5840BF80A83CAC /* [CP] Embed Pods Frameworks */ = {
			isa = PBXShellScriptBuildPhase;
			buildActionMask = 2147483647;
			files = (
			);
			inputFileListPaths = (
				"${PODS_ROOT}/Target Support Files/Pods-NoteyPad/Pods-NoteyPad-frameworks-${CONFIGURATION}-input-files.xcfilelist",
			);
			name = "[CP] Embed Pods Frameworks";
			outputFileListPaths = (
				"${PODS_ROOT}/Target Support Files/Pods-NoteyPad/Pods-NoteyPad-frameworks-${CONFIGURATION}-output-files.xcfilelist",
			);
			runOnlyForDeploymentPostprocessing = 0;
			shellPath = /bin/sh;
			shellScript = "\"${PODS_ROOT}/Target Support Files/Pods-NoteyPad/Pods-NoteyPad-frameworks.sh\"\n";
			showEnvVarsInLog = 0;
		};
		55FB2FA4C1692576D1E6877B /* [CP] Check Pods Manifest.lock */ = {
			isa = PBXShellScriptBuildPhase;
			buildActionMask = 2147483647;
			files = (
			);
			inputFileListPaths = (
			);
			inputPaths = (
				"${PODS_PODFILE_DIR_PATH}/Podfile.lock",
				"${PODS_ROOT}/Manifest.lock",
			);
			name = "[CP] Check Pods Manifest.lock";
			outputFileListPaths = (
			);
			outputPaths = (
				"$(DERIVED_FILE_DIR)/Pods-NoteyPad-checkManifestLockResult.txt",
			);
			runOnlyForDeploymentPostprocessing = 0;
			shellPath = /bin/sh;
			shellScript = "diff \"${PODS_PODFILE_DIR_PATH}/Podfile.lock\" \"${PODS_ROOT}/Manifest.lock\" > /dev/null\nif [ $? != 0 ] ; then\n    # print error to STDERR\n    echo \"error: The sandbox is not in sync with the Podfile.lock. Run 'pod install' or update your CocoaPods installation.\" >&2\n    exit 1\nfi\n# This output is used by Xcode 'outputs' to avoid re-running this script phase.\necho \"SUCCESS\" > \"${SCRIPT_OUTPUT_FILE_0}\"\n";
			showEnvVarsInLog = 0;
		};
/* End PBXShellScriptBuildPhase section */

/* Begin PBXSourcesBuildPhase section */
		C41B5FE12791DD3A00AD1A19 /* Sources */ = {
			isa = PBXSourcesBuildPhase;
			buildActionMask = 2147483647;
			files = (
				C41B5FED2791DD3A00AD1A19 /* NotePadListViewController.swift in Sources */,
				C4AA61B527AD974F008DACF2 /* Note.swift in Sources */,
				C4C65A0027A070F6007CFAD6 /* CategoryViewController.swift in Sources */,
				C41B5FE92791DD3A00AD1A19 /* AppDelegate.swift in Sources */,
				C4077B9C279B095D0083DFCA /* CreateNoteView.swift in Sources */,
				C41B5FEB2791DD3A00AD1A19 /* SceneDelegate.swift in Sources */,
				C4AA61B727AD976C008DACF2 /* Category.swift in Sources */,
			);
			runOnlyForDeploymentPostprocessing = 0;
		};
/* End PBXSourcesBuildPhase section */

/* Begin PBXVariantGroup section */
		C41B5FEE2791DD3A00AD1A19 /* Main.storyboard */ = {
			isa = PBXVariantGroup;
			children = (
				C41B5FEF2791DD3A00AD1A19 /* Base */,
			);
			name = Main.storyboard;
			sourceTree = "<group>";
		};
		C41B5FF62791DD3B00AD1A19 /* LaunchScreen.storyboard */ = {
			isa = PBXVariantGroup;
			children = (
				C41B5FF72791DD3B00AD1A19 /* Base */,
			);
			name = LaunchScreen.storyboard;
			sourceTree = "<group>";
		};
/* End PBXVariantGroup section */

/* Begin XCBuildConfiguration section */
		C41B5FFA2791DD3B00AD1A19 /* Debug */ = {
			isa = XCBuildConfiguration;
			buildSettings = {
				ALWAYS_SEARCH_USER_PATHS = NO;
				CLANG_ANALYZER_NONNULL = YES;
				CLANG_ANALYZER_NUMBER_OBJECT_CONVERSION = YES_AGGRESSIVE;
				CLANG_CXX_LANGUAGE_STANDARD = "gnu++17";
				CLANG_CXX_LIBRARY = "libc++";
				CLANG_ENABLE_MODULES = YES;
				CLANG_ENABLE_OBJC_ARC = YES;
				CLANG_ENABLE_OBJC_WEAK = YES;
				CLANG_WARN_BLOCK_CAPTURE_AUTORELEASING = YES;
				CLANG_WARN_BOOL_CONVERSION = YES;
				CLANG_WARN_COMMA = YES;
				CLANG_WARN_CONSTANT_CONVERSION = YES;
				CLANG_WARN_DEPRECATED_OBJC_IMPLEMENTATIONS = YES;
				CLANG_WARN_DIRECT_OBJC_ISA_USAGE = YES_ERROR;
				CLANG_WARN_DOCUMENTATION_COMMENTS = YES;
				CLANG_WARN_EMPTY_BODY = YES;
				CLANG_WARN_ENUM_CONVERSION = YES;
				CLANG_WARN_INFINITE_RECURSION = YES;
				CLANG_WARN_INT_CONVERSION = YES;
				CLANG_WARN_NON_LITERAL_NULL_CONVERSION = YES;
				CLANG_WARN_OBJC_IMPLICIT_RETAIN_SELF = YES;
				CLANG_WARN_OBJC_LITERAL_CONVERSION = YES;
				CLANG_WARN_OBJC_ROOT_CLASS = YES_ERROR;
				CLANG_WARN_QUOTED_INCLUDE_IN_FRAMEWORK_HEADER = YES;
				CLANG_WARN_RANGE_LOOP_ANALYSIS = YES;
				CLANG_WARN_STRICT_PROTOTYPES = YES;
				CLANG_WARN_SUSPICIOUS_MOVE = YES;
				CLANG_WARN_UNGUARDED_AVAILABILITY = YES_AGGRESSIVE;
				CLANG_WARN_UNREACHABLE_CODE = YES;
				CLANG_WARN__DUPLICATE_METHOD_MATCH = YES;
				COPY_PHASE_STRIP = NO;
				DEBUG_INFORMATION_FORMAT = dwarf;
				ENABLE_STRICT_OBJC_MSGSEND = YES;
				ENABLE_TESTABILITY = YES;
				GCC_C_LANGUAGE_STANDARD = gnu11;
				GCC_DYNAMIC_NO_PIC = NO;
				GCC_NO_COMMON_BLOCKS = YES;
				GCC_OPTIMIZATION_LEVEL = 0;
				GCC_PREPROCESSOR_DEFINITIONS = (
					"DEBUG=1",
					"$(inherited)",
				);
				GCC_WARN_64_TO_32_BIT_CONVERSION = YES;
				GCC_WARN_ABOUT_RETURN_TYPE = YES_ERROR;
				GCC_WARN_UNDECLARED_SELECTOR = YES;
				GCC_WARN_UNINITIALIZED_AUTOS = YES_AGGRESSIVE;
				GCC_WARN_UNUSED_FUNCTION = YES;
				GCC_WARN_UNUSED_VARIABLE = YES;
				IPHONEOS_DEPLOYMENT_TARGET = 13.0;
				MTL_ENABLE_DEBUG_INFO = INCLUDE_SOURCE;
				MTL_FAST_MATH = YES;
				ONLY_ACTIVE_ARCH = YES;
				SDKROOT = iphoneos;
				SWIFT_ACTIVE_COMPILATION_CONDITIONS = DEBUG;
				SWIFT_OPTIMIZATION_LEVEL = "-Onone";
			};
			name = Debug;
		};
		C41B5FFB2791DD3B00AD1A19 /* Release */ = {
			isa = XCBuildConfiguration;
			buildSettings = {
				ALWAYS_SEARCH_USER_PATHS = NO;
				CLANG_ANALYZER_NONNULL = YES;
				CLANG_ANALYZER_NUMBER_OBJECT_CONVERSION = YES_AGGRESSIVE;
				CLANG_CXX_LANGUAGE_STANDARD = "gnu++17";
				CLANG_CXX_LIBRARY = "libc++";
				CLANG_ENABLE_MODULES = YES;
				CLANG_ENABLE_OBJC_ARC = YES;
				CLANG_ENABLE_OBJC_WEAK = YES;
				CLANG_WARN_BLOCK_CAPTURE_AUTORELEASING = YES;
				CLANG_WARN_BOOL_CONVERSION = YES;
				CLANG_WARN_COMMA = YES;
				CLANG_WARN_CONSTANT_CONVERSION = YES;
				CLANG_WARN_DEPRECATED_OBJC_IMPLEMENTATIONS = YES;
				CLANG_WARN_DIRECT_OBJC_ISA_USAGE = YES_ERROR;
				CLANG_WARN_DOCUMENTATION_COMMENTS = YES;
				CLANG_WARN_EMPTY_BODY = YES;
				CLANG_WARN_ENUM_CONVERSION = YES;
				CLANG_WARN_INFINITE_RECURSION = YES;
				CLANG_WARN_INT_CONVERSION = YES;
				CLANG_WARN_NON_LITERAL_NULL_CONVERSION = YES;
				CLANG_WARN_OBJC_IMPLICIT_RETAIN_SELF = YES;
				CLANG_WARN_OBJC_LITERAL_CONVERSION = YES;
				CLANG_WARN_OBJC_ROOT_CLASS = YES_ERROR;
				CLANG_WARN_QUOTED_INCLUDE_IN_FRAMEWORK_HEADER = YES;
				CLANG_WARN_RANGE_LOOP_ANALYSIS = YES;
				CLANG_WARN_STRICT_PROTOTYPES = YES;
				CLANG_WARN_SUSPICIOUS_MOVE = YES;
				CLANG_WARN_UNGUARDED_AVAILABILITY = YES_AGGRESSIVE;
				CLANG_WARN_UNREACHABLE_CODE = YES;
				CLANG_WARN__DUPLICATE_METHOD_MATCH = YES;
				COPY_PHASE_STRIP = NO;
				DEBUG_INFORMATION_FORMAT = "dwarf-with-dsym";
				ENABLE_NS_ASSERTIONS = NO;
				ENABLE_STRICT_OBJC_MSGSEND = YES;
				GCC_C_LANGUAGE_STANDARD = gnu11;
				GCC_NO_COMMON_BLOCKS = YES;
				GCC_WARN_64_TO_32_BIT_CONVERSION = YES;
				GCC_WARN_ABOUT_RETURN_TYPE = YES_ERROR;
				GCC_WARN_UNDECLARED_SELECTOR = YES;
				GCC_WARN_UNINITIALIZED_AUTOS = YES_AGGRESSIVE;
				GCC_WARN_UNUSED_FUNCTION = YES;
				GCC_WARN_UNUSED_VARIABLE = YES;
				IPHONEOS_DEPLOYMENT_TARGET = 13.0;
				MTL_ENABLE_DEBUG_INFO = NO;
				MTL_FAST_MATH = YES;
				SDKROOT = iphoneos;
				SWIFT_COMPILATION_MODE = wholemodule;
				SWIFT_OPTIMIZATION_LEVEL = "-O";
				VALIDATE_PRODUCT = YES;
			};
			name = Release;
		};
		C41B5FFD2791DD3B00AD1A19 /* Debug */ = {
			isa = XCBuildConfiguration;
			baseConfigurationReference = 704B3DF279E2568D18441CEE /* Pods-NoteyPad.debug.xcconfig */;
			buildSettings = {
				ASSETCATALOG_COMPILER_APPICON_NAME = AppIcon;
				ASSETCATALOG_COMPILER_GLOBAL_ACCENT_COLOR_NAME = AccentColor;
				CODE_SIGN_STYLE = Automatic;
				CURRENT_PROJECT_VERSION = 1;
				DEVELOPMENT_TEAM = 555CBMTQ4N;
				GENERATE_INFOPLIST_FILE = YES;
				INFOPLIST_FILE = NoteyPad/Info.plist;
				INFOPLIST_KEY_UIApplicationSupportsIndirectInputEvents = YES;
				INFOPLIST_KEY_UILaunchStoryboardName = LaunchScreen;
				INFOPLIST_KEY_UIMainStoryboardFile = Main;
				INFOPLIST_KEY_UISupportedInterfaceOrientations = UIInterfaceOrientationPortrait;
				INFOPLIST_KEY_UISupportedInterfaceOrientations_iPad = "UIInterfaceOrientationPortrait UIInterfaceOrientationPortraitUpsideDown UIInterfaceOrientationLandscapeLeft UIInterfaceOrientationLandscapeRight";
				INFOPLIST_KEY_UISupportedInterfaceOrientations_iPhone = "UIInterfaceOrientationPortrait UIInterfaceOrientationLandscapeLeft UIInterfaceOrientationLandscapeRight";
				IPHONEOS_DEPLOYMENT_TARGET = 13.0;
				LD_RUNPATH_SEARCH_PATHS = (
					"$(inherited)",
					"@executable_path/Frameworks",
				);
				MARKETING_VERSION = 1.0;
				PRODUCT_BUNDLE_IDENTIFIER = com.sjlearmonth.NoteyPad;
				PRODUCT_NAME = "$(TARGET_NAME)";
				SWIFT_EMIT_LOC_STRINGS = YES;
				SWIFT_VERSION = 5.0;
				TARGETED_DEVICE_FAMILY = 1;
			};
			name = Debug;
		};
		C41B5FFE2791DD3B00AD1A19 /* Release */ = {
			isa = XCBuildConfiguration;
			baseConfigurationReference = 03AE174C382664BEB07DFD88 /* Pods-NoteyPad.release.xcconfig */;
			buildSettings = {
				ASSETCATALOG_COMPILER_APPICON_NAME = AppIcon;
				ASSETCATALOG_COMPILER_GLOBAL_ACCENT_COLOR_NAME = AccentColor;
				CODE_SIGN_STYLE = Automatic;
				CURRENT_PROJECT_VERSION = 1;
				DEVELOPMENT_TEAM = 555CBMTQ4N;
				GENERATE_INFOPLIST_FILE = YES;
				INFOPLIST_FILE = NoteyPad/Info.plist;
				INFOPLIST_KEY_UIApplicationSupportsIndirectInputEvents = YES;
				INFOPLIST_KEY_UILaunchStoryboardName = LaunchScreen;
				INFOPLIST_KEY_UIMainStoryboardFile = Main;
				INFOPLIST_KEY_UISupportedInterfaceOrientations = UIInterfaceOrientationPortrait;
				INFOPLIST_KEY_UISupportedInterfaceOrientations_iPad = "UIInterfaceOrientationPortrait UIInterfaceOrientationPortraitUpsideDown UIInterfaceOrientationLandscapeLeft UIInterfaceOrientationLandscapeRight";
				INFOPLIST_KEY_UISupportedInterfaceOrientations_iPhone = "UIInterfaceOrientationPortrait UIInterfaceOrientationLandscapeLeft UIInterfaceOrientationLandscapeRight";
				IPHONEOS_DEPLOYMENT_TARGET = 13.0;
				LD_RUNPATH_SEARCH_PATHS = (
					"$(inherited)",
					"@executable_path/Frameworks",
				);
				MARKETING_VERSION = 1.0;
				PRODUCT_BUNDLE_IDENTIFIER = com.sjlearmonth.NoteyPad;
				PRODUCT_NAME = "$(TARGET_NAME)";
				SWIFT_EMIT_LOC_STRINGS = YES;
				SWIFT_VERSION = 5.0;
				TARGETED_DEVICE_FAMILY = 1;
			};
			name = Release;
		};
/* End XCBuildConfiguration section */

/* Begin XCConfigurationList section */
		C41B5FE02791DD3A00AD1A19 /* Build configuration list for PBXProject "NoteyPad" */ = {
			isa = XCConfigurationList;
			buildConfigurations = (
				C41B5FFA2791DD3B00AD1A19 /* Debug */,
				C41B5FFB2791DD3B00AD1A19 /* Release */,
			);
			defaultConfigurationIsVisible = 0;
			defaultConfigurationName = Release;
		};
		C41B5FFC2791DD3B00AD1A19 /* Build configuration list for PBXNativeTarget "NoteyPad" */ = {
			isa = XCConfigurationList;
			buildConfigurations = (
				C41B5FFD2791DD3B00AD1A19 /* Debug */,
				C41B5FFE2791DD3B00AD1A19 /* Release */,
			);
			defaultConfigurationIsVisible = 0;
			defaultConfigurationName = Release;
		};
/* End XCConfigurationList section */
	};
	rootObject = C41B5FDD2791DD3A00AD1A19 /* Project object */;
}
